
Microsoft Visual Studio Solution File, Format Version 12.00
# Visual Studio 2012
Project("{FAE04EC0-301F-11D3-BF4B-00C04F79EFBC}") = "player-sample-android-xamarin", "player-sample-android-xamarin.csproj", "{E8EC1B24-643B-4357-9571-37686557719C}"
EndProject
Global
	GlobalSection(SolutionConfigurationPlatforms) = preSolution
		Debug|Any CPU = Debug|Any CPU
		Release|Any CPU = Release|Any CPU
	EndGlobalSection
	GlobalSection(ProjectConfigurationPlatforms) = postSolution
		{E8EC1B24-643B-4357-9571-37686557719C}.Debug|Any CPU.ActiveCfg = Debug|Any CPU
		{E8EC1B24-643B-4357-9571-37686557719C}.Debug|Any CPU.Build.0 = Debug|Any CPU
		{E8EC1B24-643B-4357-9571-37686557719C}.Release|Any CPU.ActiveCfg = Release|Any CPU
		{E8EC1B24-643B-4357-9571-37686557719C}.Release|Any CPU.Build.0 = Release|Any CPU
	EndGlobalSection
EndGlobal
